// !$*UTF8*$!
{
	archiveVersion = 1;
	classes = {
	};
	objectVersion = 50;
	objects = {

/* Begin PBXBuildFile section */
		12916CBF2348FCD30010306E /* AppDelegate.swift in Sources */ = {isa = PBXBuildFile; fileRef = 12916CBE2348FCD30010306E /* AppDelegate.swift */; };
		12916CC12348FCD30010306E /* SceneDelegate.swift in Sources */ = {isa = PBXBuildFile; fileRef = 12916CC02348FCD30010306E /* SceneDelegate.swift */; };
		12916CC32348FCD30010306E /* ViewController.swift in Sources */ = {isa = PBXBuildFile; fileRef = 12916CC22348FCD30010306E /* ViewController.swift */; };
		12916CC62348FCD30010306E /* Main.storyboard in Resources */ = {isa = PBXBuildFile; fileRef = 12916CC42348FCD30010306E /* Main.storyboard */; };
		12916CC82348FCD40010306E /* Assets.xcassets in Resources */ = {isa = PBXBuildFile; fileRef = 12916CC72348FCD40010306E /* Assets.xcassets */; };
		12916CCB2348FCD40010306E /* LaunchScreen.storyboard in Resources */ = {isa = PBXBuildFile; fileRef = 12916CC92348FCD40010306E /* LaunchScreen.storyboard */; };
/* End PBXBuildFile section */

/* Begin PBXFileReference section */
		12916CBB2348FCD30010306E /* ExportToCSV-Realm-SB.app */ = {isa = PBXFileReference; explicitFileType = wrapper.application; includeInIndex = 0; path = "ExportToCSV-Realm-SB.app"; sourceTree = BUILT_PRODUCTS_DIR; };
		12916CBE2348FCD30010306E /* AppDelegate.swift */ = {isa = PBXFileReference; lastKnownFileType = sourcecode.swift; path = AppDelegate.swift; sourceTree = "<group>"; };
		12916CC02348FCD30010306E /* SceneDelegate.swift */ = {isa = PBXFileReference; lastKnownFileType = sourcecode.swift; path = SceneDelegate.swift; sourceTree = "<group>"; };
		12916CC22348FCD30010306E /* ViewController.swift */ = {isa = PBXFileReference; lastKnownFileType = sourcecode.swift; path = ViewController.swift; sourceTree = "<group>"; };
		12916CC52348FCD30010306E /* Base */ = {isa = PBXFileReference; lastKnownFileType = file.storyboard; name = Base; path = Base.lproj/Main.storyboard; sourceTree = "<group>"; };
		12916CC72348FCD40010306E /* Assets.xcassets */ = {isa = PBXFileReference; lastKnownFileType = folder.assetcatalog; path = Assets.xcassets; sourceTree = "<group>"; };
		12916CCA2348FCD40010306E /* Base */ = {isa = PBXFileReference; lastKnownFileType = file.storyboard; name = Base; path = Base.lproj/LaunchScreen.storyboard; sourceTree = "<group>"; };
		12916CCC2348FCD40010306E /* Info.plist */ = {isa = PBXFileReference; lastKnownFileType = text.plist.xml; path = Info.plist; sourceTree = "<group>"; };
/* End PBXFileReference section */

/* Begin PBXFrameworksBuildPhase section */
		12916CB82348FCD30010306E /* Frameworks */ = {
			isa = PBXFrameworksBuildPhase;
			buildActionMask = 2147483647;
			files = (
			);
			runOnlyForDeploymentPostprocessing = 0;
		};
/* End PBXFrameworksBuildPhase section */

/* Begin PBXGroup section */
		12916CB22348FCD30010306E = {
			isa = PBXGroup;
			children = (
				12916CBD2348FCD30010306E /* ExportToCSV-Realm-SB */,
				12916CBC2348FCD30010306E /* Products */,
			);
			sourceTree = "<group>";
		};
		12916CBC2348FCD30010306E /* Products */ = {
			isa = PBXGroup;
			children = (
				12916CBB2348FCD30010306E /* ExportToCSV-Realm-SB.app */,
			);
			name = Products;
			sourceTree = "<group>";
		};
		12916CBD2348FCD30010306E /* ExportToCSV-Realm-SB */ = {
			isa = PBXGroup;
			children = (
				12916CBE2348FCD30010306E /* AppDelegate.swift */,
				12916CC02348FCD30010306E /* SceneDelegate.swift */,
				12916CC22348FCD30010306E /* ViewController.swift */,
				12916CC42348FCD30010306E /* Main.storyboard */,
				12916CC72348FCD40010306E /* Assets.xcassets */,
				12916CC92348FCD40010306E /* LaunchScreen.storyboard */,
				12916CCC2348FCD40010306E /* Info.plist */,
			);
			path = "ExportToCSV-Realm-SB";
			sourceTree = "<group>";
		};
/* End PBXGroup section */

/* Begin PBXNativeTarget section */
		12916CBA2348FCD30010306E /* ExportToCSV-Realm-SB */ = {
			isa = PBXNativeTarget;
			buildConfigurationList = 12916CCF2348FCD40010306E /* Build configuration list for PBXNativeTarget "ExportToCSV-Realm-SB" */;
			buildPhases = (
				12916CB72348FCD30010306E /* Sources */,
				12916CB82348FCD30010306E /* Frameworks */,
				12916CB92348FCD30010306E /* Resources */,
			);
			buildRules = (
			);
			dependencies = (
			);
			name = "ExportToCSV-Realm-SB";
			productName = "ExportToCSV-Realm-SB";
			productReference = 12916CBB2348FCD30010306E /* ExportToCSV-Realm-SB.app */;
			productType = "com.apple.product-type.application";
		};
/* End PBXNativeTarget section */

/* Begin PBXProject section */
		12916CB32348FCD30010306E /* Project object */ = {
			isa = PBXProject;
			attributes = {
				LastSwiftUpdateCheck = 1100;
				LastUpgradeCheck = 1100;
				ORGANIZATIONNAME = "Josh R";
				TargetAttributes = {
					12916CBA2348FCD30010306E = {
						CreatedOnToolsVersion = 11.0;
					};
				};
			};
			buildConfigurationList = 12916CB62348FCD30010306E /* Build configuration list for PBXProject "ExportToCSV-Realm-SB" */;
			compatibilityVersion = "Xcode 9.3";
			developmentRegion = en;
			hasScannedForEncodings = 0;
			knownRegions = (
				en,
				Base,
			);
			mainGroup = 12916CB22348FCD30010306E;
			productRefGroup = 12916CBC2348FCD30010306E /* Products */;
			projectDirPath = "";
			projectRoot = "";
			targets = (
				12916CBA2348FCD30010306E /* ExportToCSV-Realm-SB */,
			);
		};
/* End PBXProject section */

/* Begin PBXResourcesBuildPhase section */
		12916CB92348FCD30010306E /* Resources */ = {
			isa = PBXResourcesBuildPhase;
			buildActionMask = 2147483647;
			files = (
				12916CCB2348FCD40010306E /* LaunchScreen.storyboard in Resources */,
				12916CC82348FCD40010306E /* Assets.xcassets in Resources */,
				12916CC62348FCD30010306E /* Main.storyboard in Resources */,
			);
			runOnlyForDeploymentPostprocessing = 0;
		};
/* End PBXResourcesBuildPhase section */

/* Begin PBXSourcesBuildPhase section */
		12916CB72348FCD30010306E /* Sources */ = {
			isa = PBXSourcesBuildPhase;
			buildActionMask = 2147483647;
			files = (
				12916CC32348FCD30010306E /* ViewController.swift in Sources */,
				12916CBF2348FCD30010306E /* AppDelegate.swift in Sources */,
				12916CC12348FCD30010306E /* SceneDelegate.swift in Sources */,
			);
			runOnlyForDeploymentPostprocessing = 0;
		};
/* End PBXSourcesBuildPhase section */

/* Begin PBXVariantGroup section */
		12916CC42348FCD30010306E /* Main.storyboard */ = {
			isa = PBXVariantGroup;
			children = (
				12916CC52348FCD30010306E /* Base */,
			);
			name = Main.storyboard;
			sourceTree = "<group>";
		};
		12916CC92348FCD40010306E /* LaunchScreen.storyboard */ = {
			isa = PBXVariantGroup;
			children = (
				12916CCA2348FCD40010306E /* Base */,
			);
			name = LaunchScreen.storyboard;
			sourceTree = "<group>";
		};
/* End PBXVariantGroup section */

/* Begin XCBuildConfiguration section */
		12916CCD2348FCD40010306E /* Debug */ = {
			isa = XCBuildConfiguration;
			buildSettings = {
				ALWAYS_SEARCH_USER_PATHS = NO;
				CLANG_ANALYZER_NONNULL = YES;
				CLANG_ANALYZER_NUMBER_OBJECT_CONVERSION = YES_AGGRESSIVE;
				CLANG_CXX_LANGUAGE_STANDARD = "gnu++14";
				CLANG_CXX_LIBRARY = "libc++";
				CLANG_ENABLE_MODULES = YES;
				CLANG_ENABLE_OBJC_ARC = YES;
				CLANG_ENABLE_OBJC_WEAK = YES;
				CLANG_WARN_BLOCK_CAPTURE_AUTORELEASING = YES;
				CLANG_WARN_BOOL_CONVERSION = YES;
				CLANG_WARN_COMMA = YES;
				CLANG_WARN_CONSTANT_CONVERSION = YES;
				CLANG_WARN_DEPRECATED_OBJC_IMPLEMENTATIONS = YES;
				CLANG_WARN_DIRECT_OBJC_ISA_USAGE = YES_ERROR;
				CLANG_WARN_DOCUMENTATION_COMMENTS = YES;
				CLANG_WARN_EMPTY_BODY = YES;
				CLANG_WARN_ENUM_CONVERSION = YES;
				CLANG_WARN_INFINITE_RECURSION = YES;
				CLANG_WARN_INT_CONVERSION = YES;
				CLANG_WARN_NON_LITERAL_NULL_CONVERSION = YES;
				CLANG_WARN_OBJC_IMPLICIT_RETAIN_SELF = YES;
				CLANG_WARN_OBJC_LITERAL_CONVERSION = YES;
				CLANG_WARN_OBJC_ROOT_CLASS = YES_ERROR;
				CLANG_WARN_RANGE_LOOP_ANALYSIS = YES;
				CLANG_WARN_STRICT_PROTOTYPES = YES;
				CLANG_WARN_SUSPICIOUS_MOVE = YES;
				CLANG_WARN_UNGUARDED_AVAILABILITY = YES_AGGRESSIVE;
				CLANG_WARN_UNREACHABLE_CODE = YES;
				CLANG_WARN__DUPLICATE_METHOD_MATCH = YES;
				COPY_PHASE_STRIP = NO;
				DEBUG_INFORMATION_FORMAT = dwarf;
				ENABLE_STRICT_OBJC_MSGSEND = YES;
				ENABLE_TESTABILITY = YES;
				GCC_C_LANGUAGE_STANDARD = gnu11;
				GCC_DYNAMIC_NO_PIC = NO;
				GCC_NO_COMMON_BLOCKS = YES;
				GCC_OPTIMIZATION_LEVEL = 0;
				GCC_PREPROCESSOR_DEFINITIONS = (
					"DEBUG=1",
					"$(inherited)",
				);
				GCC_WARN_64_TO_32_BIT_CONVERSION = YES;
				GCC_WARN_ABOUT_RETURN_TYPE = YES_ERROR;
				GCC_WARN_UNDECLARED_SELECTOR = YES;
				GCC_WARN_UNINITIALIZED_AUTOS = YES_AGGRESSIVE;
				GCC_WARN_UNUSED_FUNCTION = YES;
				GCC_WARN_UNUSED_VARIABLE = YES;
				IPHONEOS_DEPLOYMENT_TARGET = 13.0;
				MTL_ENABLE_DEBUG_INFO = INCLUDE_SOURCE;
				MTL_FAST_MATH = YES;
				ONLY_ACTIVE_ARCH = YES;
				SDKROOT = iphoneos;
				SWIFT_ACTIVE_COMPILATION_CONDITIONS = DEBUG;
				SWIFT_OPTIMIZATION_LEVEL = "-Onone";
			};
			name = Debug;
		};
		12916CCE2348FCD40010306E /* Release */ = {
			isa = XCBuildConfiguration;
			buildSettings = {
				ALWAYS_SEARCH_USER_PATHS = NO;
				CLANG_ANALYZER_NONNULL = YES;
				CLANG_ANALYZER_NUMBER_OBJECT_CONVERSION = YES_AGGRESSIVE;
				CLANG_CXX_LANGUAGE_STANDARD = "gnu++14";
				CLANG_CXX_LIBRARY = "libc++";
				CLANG_ENABLE_MODULES = YES;
				CLANG_ENABLE_OBJC_ARC = YES;
				CLANG_ENABLE_OBJC_WEAK = YES;
				CLANG_WARN_BLOCK_CAPTURE_AUTORELEASING = YES;
				CLANG_WARN_BOOL_CONVERSION = YES;
				CLANG_WARN_COMMA = YES;
				CLANG_WARN_CONSTANT_CONVERSION = YES;
				CLANG_WARN_DEPRECATED_OBJC_IMPLEMENTATIONS = YES;
				CLANG_WARN_DIRECT_OBJC_ISA_USAGE = YES_ERROR;
				CLANG_WARN_DOCUMENTATION_COMMENTS = YES;
				CLANG_WARN_EMPTY_BODY = YES;
				CLANG_WARN_ENUM_CONVERSION = YES;
				CLANG_WARN_INFINITE_RECURSION = YES;
				CLANG_WARN_INT_CONVERSION = YES;
				CLANG_WARN_NON_LITERAL_NULL_CONVERSION = YES;
				CLANG_WARN_OBJC_IMPLICIT_RETAIN_SELF = YES;
				CLANG_WARN_OBJC_LITERAL_CONVERSION = YES;
				CLANG_WARN_OBJC_ROOT_CLASS = YES_ERROR;
				CLANG_WARN_RANGE_LOOP_ANALYSIS = YES;
				CLANG_WARN_STRICT_PROTOTYPES = YES;
				CLANG_WARN_SUSPICIOUS_MOVE = YES;
				CLANG_WARN_UNGUARDED_AVAILABILITY = YES_AGGRESSIVE;
				CLANG_WARN_UNREACHABLE_CODE = YES;
				CLANG_WARN__DUPLICATE_METHOD_MATCH = YES;
				COPY_PHASE_STRIP = NO;
				DEBUG_INFORMATION_FORMAT = "dwarf-with-dsym";
				ENABLE_NS_ASSERTIONS = NO;
				ENABLE_STRICT_OBJC_MSGSEND = YES;
				GCC_C_LANGUAGE_STANDARD = gnu11;
				GCC_NO_COMMON_BLOCKS = YES;
				GCC_WARN_64_TO_32_BIT_CONVERSION = YES;
				GCC_WARN_ABOUT_RETURN_TYPE = YES_ERROR;
				GCC_WARN_UNDECLARED_SELECTOR = YES;
				GCC_WARN_UNINITIALIZED_AUTOS = YES_AGGRESSIVE;
				GCC_WARN_UNUSED_FUNCTION = YES;
				GCC_WARN_UNUSED_VARIABLE = YES;
				IPHONEOS_DEPLOYMENT_TARGET = 13.0;
				MTL_ENABLE_DEBUG_INFO = NO;
				MTL_FAST_MATH = YES;
				SDKROOT = iphoneos;
				SWIFT_COMPILATION_MODE = wholemodule;
				SWIFT_OPTIMIZATION_LEVEL = "-O";
				VALIDATE_PRODUCT = YES;
			};
			name = Release;
		};
		12916CD02348FCD40010306E /* Debug */ = {
			isa = XCBuildConfiguration;
			buildSettings = {
				ASSETCATALOG_COMPILER_APPICON_NAME = AppIcon;
				CODE_SIGN_STYLE = Automatic;
				DEVELOPMENT_TEAM = C66Y3DM74C;
				INFOPLIST_FILE = "ExportToCSV-Realm-SB/Info.plist";
				LD_RUNPATH_SEARCH_PATHS = (
					"$(inherited)",
					"@executable_path/Frameworks",
				);
				PRODUCT_BUNDLE_IDENTIFIER = "com.joshr.ExportToCSV-Realm-SB";
				PRODUCT_NAME = "$(TARGET_NAME)";
				SWIFT_VERSION = 5.0;
				TARGETED_DEVICE_FAMILY = "1,2";
			};
			name = Debug;
		};
		12916CD12348FCD40010306E /* Release */ = {
			isa = XCBuildConfiguration;
			buildSettings = {
				ASSETCATALOG_COMPILER_APPICON_NAME = AppIcon;
				CODE_SIGN_STYLE = Automatic;
				DEVELOPMENT_TEAM = C66Y3DM74C;
				INFOPLIST_FILE = "ExportToCSV-Realm-SB/Info.plist";
				LD_RUNPATH_SEARCH_PATHS = (
					"$(inherited)",
					"@executable_path/Frameworks",
				);
				PRODUCT_BUNDLE_IDENTIFIER = "com.joshr.ExportToCSV-Realm-SB";
				PRODUCT_NAME = "$(TARGET_NAME)";
				SWIFT_VERSION = 5.0;
				TARGETED_DEVICE_FAMILY = "1,2";
			};
			name = Release;
		};
/* End XCBuildConfiguration section */

/* Begin XCConfigurationList section */
		12916CB62348FCD30010306E /* Build configuration list for PBXProject "ExportToCSV-Realm-SB" */ = {
			isa = XCConfigurationList;
			buildConfigurations = (
				12916CCD2348FCD40010306E /* Debug */,
				12916CCE2348FCD40010306E /* Release */,
			);
			defaultConfigurationIsVisible = 0;
			defaultConfigurationName = Release;
		};
		12916CCF2348FCD40010306E /* Build configuration list for PBXNativeTarget "ExportToCSV-Realm-SB" */ = {
			isa = XCConfigurationList;
			buildConfigurations = (
				12916CD02348FCD40010306E /* Debug */,
				12916CD12348FCD40010306E /* Release */,
			);
			defaultConfigurationIsVisible = 0;
			defaultConfigurationName = Release;
		};
/* End XCConfigurationList section */
	};
	rootObject = 12916CB32348FCD30010306E /* Project object */;
}
